
Microsoft Visual Studio Solution File, Format Version 12.00
# Visual Studio Version 16
VisualStudioVersion = 16.0.30503.244
MinimumVisualStudioVersion = 10.0.40219.1
Project("{9A19103F-16F7-4668-BE54-9A1E7A4F7556}") = "Games.Domain", "Games.Domain\Games.Domain.csproj", "{2DC2A57C-EB1D-4424-8756-795B412947DC}"
EndProject
Project("{9A19103F-16F7-4668-BE54-9A1E7A4F7556}") = "Games.Infra.Data", "Games.Infra.Data\Games.Infra.Data.csproj", "{2C856932-4F47-42D2-A1CE-6D4E0DBB49A5}"
EndProject
Project("{9A19103F-16F7-4668-BE54-9A1E7A4F7556}") = "Games.Services.Api", "Games.Services.Api\Games.Services.Api.csproj", "{AEEC62FD-F04B-4C6E-B4A5-D26934E30A18}"
EndProject
Project("{9A19103F-16F7-4668-BE54-9A1E7A4F7556}") = "Games.Application", "Games.Application\Games.Application.csproj", "{9A2AEBD6-1D2D-46AF-B6D4-5DD81DA311E2}"
EndProject
Project("{9A19103F-16F7-4668-BE54-9A1E7A4F7556}") = "Games.Domain.Core", "Games.Domain.Core\Games.Domain.Core.csproj", "{B5CA97E1-6611-492F-B60E-851B806D4A4E}"
EndProject
Project("{2150E333-8FDC-42A3-9474-1A3956D46DE8}") = "1 - Presentation", "1 - Presentation", "{AB18526C-9344-4FB2-96AA-93C8BBE28BC5}"
EndProject
Project("{2150E333-8FDC-42A3-9474-1A3956D46DE8}") = "2 - Services", "2 - Services", "{CA7CD857-0B47-41AE-B469-0B46E3B84FDC}"
EndProject
Project("{2150E333-8FDC-42A3-9474-1A3956D46DE8}") = "3 - Application", "3 - Application", "{60F0AA2B-BCC1-4F54-854E-B383AADBB23E}"
EndProject
Project("{2150E333-8FDC-42A3-9474-1A3956D46DE8}") = "4 - Domain", "4 - Domain", "{A3BF2045-8E06-43ED-A48F-A4EFDA7750A1}"
EndProject
Project("{2150E333-8FDC-42A3-9474-1A3956D46DE8}") = "5 - Infra", "5 - Infra", "{6BDB907C-DFD1-4A4D-B61A-8D8CA23CE961}"
EndProject
Project("{2150E333-8FDC-42A3-9474-1A3956D46DE8}") = "5.1 - Data", "5.1 - Data", "{66C4DA0A-E839-422B-96D5-080839C3FCC0}"
EndProject
Project("{2150E333-8FDC-42A3-9474-1A3956D46DE8}") = "5.2 - CrossCuting", "5.2 - CrossCuting", "{6754FEEE-0AA4-4D47-9495-0CD4D8803FA4}"
EndProject
Project("{9A19103F-16F7-4668-BE54-9A1E7A4F7556}") = "Game.Infra.CrossCutting.Bus", "Game.Infra.CrossCutting.Bus\Game.Infra.CrossCutting.Bus.csproj", "{0E2CAAE8-224A-41FB-82A9-A85B59AF16F8}"
EndProject
Project("{9A19103F-16F7-4668-BE54-9A1E7A4F7556}") = "Games.Infra.CrossCutting.Identity", "Games.Infra.CrossCutting.Identity\Games.Infra.CrossCutting.Identity.csproj", "{803AF925-1782-473D-8CFF-7873BBE79F63}"
EndProject
Project("{9A19103F-16F7-4668-BE54-9A1E7A4F7556}") = "Games.Infra.CrossCutting.IoC", "Games.Infra.CrossCutting.IoC\Games.Infra.CrossCutting.IoC.csproj", "{828A3912-FA7A-4D15-BB57-FCFE7D6D74E0}"
EndProject
Project("{2150E333-8FDC-42A3-9474-1A3956D46DE8}") = "6 - Tests", "6 - Tests", "{DB94C929-C50D-497B-8383-E3D82A79C139}"
EndProject
Project("{9A19103F-16F7-4668-BE54-9A1E7A4F7556}") = "Games.Tests", "Games.Tests\Games.Tests.csproj", "{F01041B5-7907-43E1-A17D-7F38D4B49584}"
EndProject
Project("{9A19103F-16F7-4668-BE54-9A1E7A4F7556}") = "Games.UI.Web", "Games.UI.Web\Games.UI.Web.csproj", "{5EC6B9F9-7E44-43AA-826C-05360F8881BF}"
EndProject
Global
	GlobalSection(SolutionConfigurationPlatforms) = preSolution
		Debug|Any CPU = Debug|Any CPU
		Release|Any CPU = Release|Any CPU
	EndGlobalSection
	GlobalSection(ProjectConfigurationPlatforms) = postSolution
		{2DC2A57C-EB1D-4424-8756-795B412947DC}.Debug|Any CPU.ActiveCfg = Debug|Any CPU
		{2DC2A57C-EB1D-4424-8756-795B412947DC}.Debug|Any CPU.Build.0 = Debug|Any CPU
		{2DC2A57C-EB1D-4424-8756-795B412947DC}.Release|Any CPU.ActiveCfg = Release|Any CPU
		{2DC2A57C-EB1D-4424-8756-795B412947DC}.Release|Any CPU.Build.0 = Release|Any CPU
		{2C856932-4F47-42D2-A1CE-6D4E0DBB49A5}.Debug|Any CPU.ActiveCfg = Debug|Any CPU
		{2C856932-4F47-42D2-A1CE-6D4E0DBB49A5}.Debug|Any CPU.Build.0 = Debug|Any CPU
		{2C856932-4F47-42D2-A1CE-6D4E0DBB49A5}.Release|Any CPU.ActiveCfg = Release|Any CPU
		{2C856932-4F47-42D2-A1CE-6D4E0DBB49A5}.Release|Any CPU.Build.0 = Release|Any CPU
		{AEEC62FD-F04B-4C6E-B4A5-D26934E30A18}.Debug|Any CPU.ActiveCfg = Debug|Any CPU
		{AEEC62FD-F04B-4C6E-B4A5-D26934E30A18}.Debug|Any CPU.Build.0 = Debug|Any CPU
		{AEEC62FD-F04B-4C6E-B4A5-D26934E30A18}.Release|Any CPU.ActiveCfg = Release|Any CPU
		{AEEC62FD-F04B-4C6E-B4A5-D26934E30A18}.Release|Any CPU.Build.0 = Release|Any CPU
		{9A2AEBD6-1D2D-46AF-B6D4-5DD81DA311E2}.Debug|Any CPU.ActiveCfg = Debug|Any CPU
		{9A2AEBD6-1D2D-46AF-B6D4-5DD81DA311E2}.Debug|Any CPU.Build.0 = Debug|Any CPU
		{9A2AEBD6-1D2D-46AF-B6D4-5DD81DA311E2}.Release|Any CPU.ActiveCfg = Release|Any CPU
		{9A2AEBD6-1D2D-46AF-B6D4-5DD81DA311E2}.Release|Any CPU.Build.0 = Release|Any CPU
		{B5CA97E1-6611-492F-B60E-851B806D4A4E}.Debug|Any CPU.ActiveCfg = Debug|Any CPU
		{B5CA97E1-6611-492F-B60E-851B806D4A4E}.Debug|Any CPU.Build.0 = Debug|Any CPU
		{B5CA97E1-6611-492F-B60E-851B806D4A4E}.Release|Any CPU.ActiveCfg = Release|Any CPU
		{B5CA97E1-6611-492F-B60E-851B806D4A4E}.Release|Any CPU.Build.0 = Release|Any CPU
		{0E2CAAE8-224A-41FB-82A9-A85B59AF16F8}.Debug|Any CPU.ActiveCfg = Debug|Any CPU
		{0E2CAAE8-224A-41FB-82A9-A85B59AF16F8}.Debug|Any CPU.Build.0 = Debug|Any CPU
		{0E2CAAE8-224A-41FB-82A9-A85B59AF16F8}.Release|Any CPU.ActiveCfg = Release|Any CPU
		{0E2CAAE8-224A-41FB-82A9-A85B59AF16F8}.Release|Any CPU.Build.0 = Release|Any CPU
		{803AF925-1782-473D-8CFF-7873BBE79F63}.Debug|Any CPU.ActiveCfg = Debug|Any CPU
		{803AF925-1782-473D-8CFF-7873BBE79F63}.Debug|Any CPU.Build.0 = Debug|Any CPU
		{803AF925-1782-473D-8CFF-7873BBE79F63}.Release|Any CPU.ActiveCfg = Release|Any CPU
		{803AF925-1782-473D-8CFF-7873BBE79F63}.Release|Any CPU.Build.0 = Release|Any CPU
		{828A3912-FA7A-4D15-BB57-FCFE7D6D74E0}.Debug|Any CPU.ActiveCfg = Debug|Any CPU
		{828A3912-FA7A-4D15-BB57-FCFE7D6D74E0}.Debug|Any CPU.Build.0 = Debug|Any CPU
		{828A3912-FA7A-4D15-BB57-FCFE7D6D74E0}.Release|Any CPU.ActiveCfg = Release|Any CPU
		{828A3912-FA7A-4D15-BB57-FCFE7D6D74E0}.Release|Any CPU.Build.0 = Release|Any CPU
		{F01041B5-7907-43E1-A17D-7F38D4B49584}.Debug|Any CPU.ActiveCfg = Debug|Any CPU
		{F01041B5-7907-43E1-A17D-7F38D4B49584}.Debug|Any CPU.Build.0 = Debug|Any CPU
		{F01041B5-7907-43E1-A17D-7F38D4B49584}.Release|Any CPU.ActiveCfg = Release|Any CPU
		{F01041B5-7907-43E1-A17D-7F38D4B49584}.Release|Any CPU.Build.0 = Release|Any CPU
		{5EC6B9F9-7E44-43AA-826C-05360F8881BF}.Debug|Any CPU.ActiveCfg = Debug|Any CPU
		{5EC6B9F9-7E44-43AA-826C-05360F8881BF}.Debug|Any CPU.Build.0 = Debug|Any CPU
		{5EC6B9F9-7E44-43AA-826C-05360F8881BF}.Release|Any CPU.ActiveCfg = Release|Any CPU
		{5EC6B9F9-7E44-43AA-826C-05360F8881BF}.Release|Any CPU.Build.0 = Release|Any CPU
	EndGlobalSection
	GlobalSection(SolutionProperties) = preSolution
		HideSolutionNode = FALSE
	EndGlobalSection
	GlobalSection(NestedProjects) = preSolution
		{2DC2A57C-EB1D-4424-8756-795B412947DC} = {A3BF2045-8E06-43ED-A48F-A4EFDA7750A1}
		{2C856932-4F47-42D2-A1CE-6D4E0DBB49A5} = {66C4DA0A-E839-422B-96D5-080839C3FCC0}
		{AEEC62FD-F04B-4C6E-B4A5-D26934E30A18} = {CA7CD857-0B47-41AE-B469-0B46E3B84FDC}
		{9A2AEBD6-1D2D-46AF-B6D4-5DD81DA311E2} = {60F0AA2B-BCC1-4F54-854E-B383AADBB23E}
		{B5CA97E1-6611-492F-B60E-851B806D4A4E} = {66C4DA0A-E839-422B-96D5-080839C3FCC0}
		{66C4DA0A-E839-422B-96D5-080839C3FCC0} = {6BDB907C-DFD1-4A4D-B61A-8D8CA23CE961}
		{6754FEEE-0AA4-4D47-9495-0CD4D8803FA4} = {6BDB907C-DFD1-4A4D-B61A-8D8CA23CE961}
		{0E2CAAE8-224A-41FB-82A9-A85B59AF16F8} = {6754FEEE-0AA4-4D47-9495-0CD4D8803FA4}
		{803AF925-1782-473D-8CFF-7873BBE79F63} = {6754FEEE-0AA4-4D47-9495-0CD4D8803FA4}
		{828A3912-FA7A-4D15-BB57-FCFE7D6D74E0} = {6754FEEE-0AA4-4D47-9495-0CD4D8803FA4}
		{F01041B5-7907-43E1-A17D-7F38D4B49584} = {DB94C929-C50D-497B-8383-E3D82A79C139}
		{5EC6B9F9-7E44-43AA-826C-05360F8881BF} = {AB18526C-9344-4FB2-96AA-93C8BBE28BC5}
	EndGlobalSection
	GlobalSection(ExtensibilityGlobals) = postSolution
		SolutionGuid = {7E989E14-DCEC-4849-BDCE-6C9909520823}
	EndGlobalSection
EndGlobal
